{
  "name": "ui-detect",
  "version": "1.0.0",
  "lockfileVersion": 1,
  "requires": true,
  "dependencies": {
    "@babel/polyfill": {
      "version": "7.4.4",
      "resolved": "https://registry.npm.taobao.org/@babel/polyfill/download/@babel/polyfill-7.4.4.tgz?cache=0&other_urls=https%3A%2F%2Fregistry.npm.taobao.org%2F%40babel%2Fpolyfill%2Fdownload%2F%40babel%2Fpolyfill-7.4.4.tgz",
      "integrity": "sha1-eIAc89vmV4RO6r8xwcrjgoBR6JM=",
      "requires": {
        "core-js": "^2.6.5",
        "regenerator-runtime": "^0.13.2"
      }
    },
    "@jimp/bmp": {
      "version": "0.6.4",
      "resolved": "https://registry.npm.taobao.org/@jimp/bmp/download/@jimp/bmp-0.6.4.tgz",
      "integrity": "sha1-D0uUSG6XnYLIPh6HzQC3Vq+ybkk=",
      "requires": {
        "@jimp/utils": "^0.6.4",
        "bmp-js": "^0.1.0",
        "core-js": "^2.5.7"
      }
    },
    "@jimp/core": {
      "version": "0.6.4",
      "resolved": "https://registry.npm.taobao.org/@jimp/core/download/@jimp/core-0.6.4.tgz",
      "integrity": "sha1-GatfT/DbT2ArNrFZxxTjfr+1Zy8=",
      "requires": {
        "@jimp/utils": "^0.6.4",
        "any-base": "^1.1.0",
        "buffer": "^5.2.0",
        "core-js": "^2.5.7",
        "exif-parser": "^0.1.12",
        "file-type": "^9.0.0",
        "load-bmfont": "^1.3.1",
        "mkdirp": "0.5.1",
        "phin": "^2.9.1",
        "pixelmatch": "^4.0.2",
        "tinycolor2": "^1.4.1"
      }
    },
    "@jimp/custom": {
      "version": "0.6.4",
      "resolved": "https://registry.npm.taobao.org/@jimp/custom/download/@jimp/custom-0.6.4.tgz",
      "integrity": "sha1-6xq72oPxMUnlDnHwxfx42HP7SFs=",
      "requires": {
        "@jimp/core": "^0.6.4",
        "core-js": "^2.5.7"
      }
    },
    "@jimp/gif": {
      "version": "0.6.4",
      "resolved": "https://registry.npm.taobao.org/@jimp/gif/download/@jimp/gif-0.6.4.tgz",
      "integrity": "sha1-y+jCfO/9KBEuwEWz+KdHJLjTzdA=",
      "requires": {
        "@jimp/utils": "^0.6.4",
        "core-js": "^2.5.7",
        "omggif": "^1.0.9"
      }
    },
    "@jimp/jpeg": {
      "version": "0.6.4",
      "resolved": "https://registry.npm.taobao.org/@jimp/jpeg/download/@jimp/jpeg-0.6.4.tgz",
      "integrity": "sha1-YT4EBRSxh2qAL3lDOZviswS9tGE=",
      "requires": {
        "@jimp/utils": "^0.6.4",
        "core-js": "^2.5.7",
        "jpeg-js": "^0.3.4"
      }
    },
    "@jimp/plugin-blit": {
      "version": "0.6.4",
      "resolved": "https://registry.npm.taobao.org/@jimp/plugin-blit/download/@jimp/plugin-blit-0.6.4.tgz",
      "integrity": "sha1-+Ney+mNfvvedEfdHb/QOiu0AwCY=",
      "requires": {
        "@jimp/utils": "^0.6.4",
        "core-js": "^2.5.7"
      }
    },
    "@jimp/plugin-blur": {
      "version": "0.6.4",
      "resolved": "https://registry.npm.taobao.org/@jimp/plugin-blur/download/@jimp/plugin-blur-0.6.4.tgz",
      "integrity": "sha1-3V1kRUyuhl6o5MYTO3VwjpPzHYk=",
      "requires": {
        "@jimp/utils": "^0.6.4",
        "core-js": "^2.5.7"
      }
    },
    "@jimp/plugin-color": {
      "version": "0.6.4",
      "resolved": "https://registry.npm.taobao.org/@jimp/plugin-color/download/@jimp/plugin-color-0.6.4.tgz",
      "integrity": "sha1-1c4Tmg5mVDfvnV33ZCvmbzNzVkU=",
      "requires": {
        "@jimp/utils": "^0.6.4",
        "core-js": "^2.5.7",
        "tinycolor2": "^1.4.1"
      }
    },
    "@jimp/plugin-contain": {
      "version": "0.6.4",
      "resolved": "https://registry.npm.taobao.org/@jimp/plugin-contain/download/@jimp/plugin-contain-0.6.4.tgz",
      "integrity": "sha1-7izAOgZsweydyypcbNu/uAr0LQU=",
      "requires": {
        "@jimp/utils": "^0.6.4",
        "core-js": "^2.5.7"
      }
    },
    "@jimp/plugin-cover": {
      "version": "0.6.4",
      "resolved": "https://registry.npm.taobao.org/@jimp/plugin-cover/download/@jimp/plugin-cover-0.6.4.tgz",
      "integrity": "sha1-HTQUOFUv/Gc8LototEGbmq+ERlc=",
      "requires": {
        "@jimp/utils": "^0.6.4",
        "core-js": "^2.5.7"
      }
    },
    "@jimp/plugin-crop": {
      "version": "0.6.4",
      "resolved": "https://registry.npm.taobao.org/@jimp/plugin-crop/download/@jimp/plugin-crop-0.6.4.tgz",
      "integrity": "sha1-NEdhF5BwPNfVGgEnss93kGcR+ew=",
      "requires": {
        "@jimp/utils": "^0.6.4",
        "core-js": "^2.5.7"
      }
    },
    "@jimp/plugin-displace": {
      "version": "0.6.4",
      "resolved": "https://registry.npm.taobao.org/@jimp/plugin-displace/download/@jimp/plugin-displace-0.6.4.tgz",
      "integrity": "sha1-fWQeQCqt5dE9juqT3JT6w5An2pc=",
      "requires": {
        "@jimp/utils": "^0.6.4",
        "core-js": "^2.5.7"
      }
    },
    "@jimp/plugin-dither": {
      "version": "0.6.4",
      "resolved": "https://registry.npm.taobao.org/@jimp/plugin-dither/download/@jimp/plugin-dither-0.6.4.tgz",
      "integrity": "sha1-P+6jzT71n5UXWcmsC6/dSr7lDXs=",
      "requires": {
        "@jimp/utils": "^0.6.4",
        "core-js": "^2.5.7"
      }
    },
    "@jimp/plugin-flip": {
      "version": "0.6.4",
      "resolved": "https://registry.npm.taobao.org/@jimp/plugin-flip/download/@jimp/plugin-flip-0.6.4.tgz",
      "integrity": "sha1-OsMfAaTh3AfKqf+MajQJf7cZ3hk=",
      "requires": {
        "@jimp/utils": "^0.6.4",
        "core-js": "^2.5.7"
      }
    },
    "@jimp/plugin-gaussian": {
      "version": "0.6.4",
      "resolved": "https://registry.npm.taobao.org/@jimp/plugin-gaussian/download/@jimp/plugin-gaussian-0.6.4.tgz",
      "integrity": "sha1-F9UUZdyXPLl86NQz8sDFZQcDd6k=",
      "requires": {
        "@jimp/utils": "^0.6.4",
        "core-js": "^2.5.7"
      }
    },
    "@jimp/plugin-invert": {
      "version": "0.6.4",
      "resolved": "https://registry.npm.taobao.org/@jimp/plugin-invert/download/@jimp/plugin-invert-0.6.4.tgz",
      "integrity": "sha1-OMim+l1i8MKglwQdCVld7LEPfTY=",
      "requires": {
        "@jimp/utils": "^0.6.4",
        "core-js": "^2.5.7"
      }
    },
    "@jimp/plugin-mask": {
      "version": "0.6.4",
      "resolved": "https://registry.npm.taobao.org/@jimp/plugin-mask/download/@jimp/plugin-mask-0.6.4.tgz",
      "integrity": "sha1-R7uQenDEV/UUOfluLcD6c90rjqI=",
      "requires": {
        "@jimp/utils": "^0.6.4",
        "core-js": "^2.5.7"
      }
    },
    "@jimp/plugin-normalize": {
      "version": "0.6.4",
      "resolved": "https://registry.npm.taobao.org/@jimp/plugin-normalize/download/@jimp/plugin-normalize-0.6.4.tgz",
      "integrity": "sha1-b0nrhmtgXJR8Bf2cpuo5NPVxN+Q=",
      "requires": {
        "@jimp/utils": "^0.6.4",
        "core-js": "^2.5.7"
      }
    },
    "@jimp/plugin-print": {
      "version": "0.6.4",
      "resolved": "https://registry.npm.taobao.org/@jimp/plugin-print/download/@jimp/plugin-print-0.6.4.tgz",
      "integrity": "sha1-ZkLipd6n+m+3DIZV+Cp3CuD6oNk=",
      "requires": {
        "@jimp/utils": "^0.6.4",
        "core-js": "^2.5.7",
        "load-bmfont": "^1.4.0"
      }
    },
    "@jimp/plugin-resize": {
      "version": "0.6.4",
      "resolved": "https://registry.npm.taobao.org/@jimp/plugin-resize/download/@jimp/plugin-resize-0.6.4.tgz",
      "integrity": "sha1-z2slO09ApvlnhQmzkb9ajSYZUcg=",
      "requires": {
        "@jimp/utils": "^0.6.4",
        "core-js": "^2.5.7"
      }
    },
    "@jimp/plugin-rotate": {
      "version": "0.6.4",
      "resolved": "https://registry.npm.taobao.org/@jimp/plugin-rotate/download/@jimp/plugin-rotate-0.6.4.tgz",
      "integrity": "sha1-MHVTio9kTXjQfqPxJu48haNzArw=",
      "requires": {
        "@jimp/utils": "^0.6.4",
        "core-js": "^2.5.7"
      }
    },
    "@jimp/plugin-scale": {
      "version": "0.6.4",
      "resolved": "https://registry.npm.taobao.org/@jimp/plugin-scale/download/@jimp/plugin-scale-0.6.4.tgz",
      "integrity": "sha1-BiMF0SmrgNDknfAhq5YgKwWUo9w=",
      "requires": {
        "@jimp/utils": "^0.6.4",
        "core-js": "^2.5.7"
      }
    },
    "@jimp/plugins": {
      "version": "0.6.4",
      "resolved": "https://registry.npm.taobao.org/@jimp/plugins/download/@jimp/plugins-0.6.4.tgz",
      "integrity": "sha1-NB7q2rF6saG6yZt4is8qQzafEZ0=",
      "requires": {
        "@jimp/plugin-blit": "^0.6.4",
        "@jimp/plugin-blur": "^0.6.4",
        "@jimp/plugin-color": "^0.6.4",
        "@jimp/plugin-contain": "^0.6.4",
        "@jimp/plugin-cover": "^0.6.4",
        "@jimp/plugin-crop": "^0.6.4",
        "@jimp/plugin-displace": "^0.6.4",
        "@jimp/plugin-dither": "^0.6.4",
        "@jimp/plugin-flip": "^0.6.4",
        "@jimp/plugin-gaussian": "^0.6.4",
        "@jimp/plugin-invert": "^0.6.4",
        "@jimp/plugin-mask": "^0.6.4",
        "@jimp/plugin-normalize": "^0.6.4",
        "@jimp/plugin-print": "^0.6.4",
        "@jimp/plugin-resize": "^0.6.4",
        "@jimp/plugin-rotate": "^0.6.4",
        "@jimp/plugin-scale": "^0.6.4",
        "core-js": "^2.5.7",
        "timm": "^1.6.1"
      }
    },
    "@jimp/png": {
      "version": "0.6.4",
      "resolved": "https://registry.npm.taobao.org/@jimp/png/download/@jimp/png-0.6.4.tgz",
      "integrity": "sha1-KnSxTRyWjR8J5oSAPW4XCVByi1U=",
      "requires": {
        "@jimp/utils": "^0.6.4",
        "core-js": "^2.5.7",
        "pngjs": "^3.3.3"
      }
    },
    "@jimp/tiff": {
      "version": "0.6.4",
      "resolved": "https://registry.npm.taobao.org/@jimp/tiff/download/@jimp/tiff-0.6.4.tgz",
      "integrity": "sha1-yZl1G5d/AYF9eFMncy7U5ApOzJo=",
      "requires": {
        "core-js": "^2.5.7",
        "utif": "^2.0.1"
      }
    },
    "@jimp/types": {
      "version": "0.6.4",
      "resolved": "https://registry.npm.taobao.org/@jimp/types/download/@jimp/types-0.6.4.tgz",
      "integrity": "sha1-JC/OmpFIdeC0i266wqtV6VcUzfg=",
      "requires": {
        "@jimp/bmp": "^0.6.4",
        "@jimp/gif": "^0.6.4",
        "@jimp/jpeg": "^0.6.4",
        "@jimp/png": "^0.6.4",
        "@jimp/tiff": "^0.6.4",
        "core-js": "^2.5.7",
        "timm": "^1.6.1"
      }
    },
    "@jimp/utils": {
      "version": "0.6.4",
      "resolved": "https://registry.npm.taobao.org/@jimp/utils/download/@jimp/utils-0.6.4.tgz",
      "integrity": "sha1-ShcQOCnISHOEU58cKx2yV7vTDAs=",
      "requires": {
        "core-js": "^2.5.7"
      }
    },
    "@types/node": {
      "version": "12.0.10",
      "resolved": "https://registry.npm.taobao.org/@types/node/download/@types/node-12.0.10.tgz",
      "integrity": "sha1-Ubq/nH3q3VNDYgBV/Ir/eZXIsDE=",
      "optional": true
    },
    "ansi-regex": {
      "version": "2.1.1",
      "resolved": "http://registry.npm.taobao.org/ansi-regex/download/ansi-regex-2.1.1.tgz",
      "integrity": "sha1-w7M6te42DYbg5ijwRorn7yfWVN8="
    },
    "any-base": {
      "version": "1.1.0",
      "resolved": "https://registry.npm.taobao.org/any-base/download/any-base-1.1.0.tgz",
      "integrity": "sha1-rhAaYrwIpZe0yatbcInUVmMFSf4="
    },
    "aproba": {
      "version": "1.2.0",
      "resolved": "http://registry.npm.taobao.org/aproba/download/aproba-1.2.0.tgz",
      "integrity": "sha1-aALmJk79GMeQobDVF/DyYnvyyUo="
    },
    "are-we-there-yet": {
      "version": "1.1.5",
      "resolved": "http://registry.npm.taobao.org/are-we-there-yet/download/are-we-there-yet-1.1.5.tgz",
      "integrity": "sha1-SzXClE8GKov82mZBB2A1D+nd/CE=",
      "requires": {
        "delegates": "^1.0.0",
        "readable-stream": "^2.0.6"
      }
    },
    "base64-js": {
      "version": "1.3.0",
      "resolved": "http://registry.npm.taobao.org/base64-js/download/base64-js-1.3.0.tgz",
      "integrity": "sha1-yrHmEY8FEJXli1KBrqjBzSK/wOM="
    },
    "bl": {
      "version": "1.2.2",
      "resolved": "http://registry.npm.taobao.org/bl/download/bl-1.2.2.tgz",
      "integrity": "sha1-oWCRFxcQPAdBDO9j71Gzl8Alr5w=",
      "requires": {
        "readable-stream": "^2.3.5",
        "safe-buffer": "^5.1.1"
      }
    },
    "bmp-js": {
      "version": "0.1.0",
      "resolved": "https://registry.npm.taobao.org/bmp-js/download/bmp-js-0.1.0.tgz",
      "integrity": "sha1-4Fpj95amwf8l9Hcex62twUjAcjM="
    },
    "buffer": {
      "version": "5.2.1",
      "resolved": "http://registry.npm.taobao.org/buffer/download/buffer-5.2.1.tgz",
      "integrity": "sha1-3Vf6DxCaxZxgJHkETcp7iz0LcdY=",
      "requires": {
        "base64-js": "^1.0.2",
        "ieee754": "^1.1.4"
      }
    },
    "buffer-alloc": {
      "version": "1.2.0",
      "resolved": "http://registry.npm.taobao.org/buffer-alloc/download/buffer-alloc-1.2.0.tgz",
      "integrity": "sha1-iQ3ZDZI6hz4I4Q5f1RpX5bfM4Ow=",
      "requires": {
        "buffer-alloc-unsafe": "^1.1.0",
        "buffer-fill": "^1.0.0"
      }
    },
    "buffer-alloc-unsafe": {
      "version": "1.1.0",
      "resolved": "http://registry.npm.taobao.org/buffer-alloc-unsafe/download/buffer-alloc-unsafe-1.1.0.tgz",
      "integrity": "sha1-vX3CauKXLQ7aJTvgYdupkjScGfA="
    },
    "buffer-equal": {
      "version": "0.0.1",
      "resolved": "https://registry.npm.taobao.org/buffer-equal/download/buffer-equal-0.0.1.tgz",
      "integrity": "sha1-kbx0sR6kBbyRa8aqkI+q+ltKrEs="
    },
    "buffer-fill": {
      "version": "1.0.0",
      "resolved": "http://registry.npm.taobao.org/buffer-fill/download/buffer-fill-1.0.0.tgz",
      "integrity": "sha1-+PeLdniYiO858gXNY39o5wISKyw="
    },
    "chownr": {
      "version": "1.1.1",
      "resolved": "http://registry.npm.taobao.org/chownr/download/chownr-1.1.1.tgz",
      "integrity": "sha1-VHJri4//TfBTxCGH6AH7RBLfFJQ="
    },
    "code-point-at": {
      "version": "1.1.0",
      "resolved": "http://registry.npm.taobao.org/code-point-at/download/code-point-at-1.1.0.tgz",
      "integrity": "sha1-DQcLTQQ6W+ozovGkDi7bPZpMz3c="
    },
    "console-control-strings": {
      "version": "1.1.0",
      "resolved": "http://registry.npm.taobao.org/console-control-strings/download/console-control-strings-1.1.0.tgz",
      "integrity": "sha1-PXz0Rk22RG6mRL9LOVB/mFEAjo4="
    },
    "core-js": {
      "version": "2.6.9",
      "resolved": "https://registry.npm.taobao.org/core-js/download/core-js-2.6.9.tgz?cache=0&sync_timestamp=1560599811627&other_urls=https%3A%2F%2Fregistry.npm.taobao.org%2Fcore-js%2Fdownload%2Fcore-js-2.6.9.tgz",
      "integrity": "sha1-a0shRiDINBUuF5Mjcn/Bl0GwhPI="
    },
    "core-util-is": {
      "version": "1.0.2",
      "resolved": "http://registry.npm.taobao.org/core-util-is/download/core-util-is-1.0.2.tgz",
      "integrity": "sha1-tf1UIgqivFq1eqtxQMlAdUUDwac="
    },
    "decompress-response": {
      "version": "3.3.0",
      "resolved": "http://registry.npm.taobao.org/decompress-response/download/decompress-response-3.3.0.tgz",
      "integrity": "sha1-gKTdMjdIOEv6JICDYirt7Jgq3/M=",
      "requires": {
        "mimic-response": "^1.0.0"
      }
    },
    "deep-extend": {
      "version": "0.6.0",
      "resolved": "http://registry.npm.taobao.org/deep-extend/download/deep-extend-0.6.0.tgz",
      "integrity": "sha1-xPp8lUBKF6nD6Mp+FTcxK3NjMKw="
    },
    "define-properties": {
      "version": "1.1.3",
      "resolved": "http://registry.npm.taobao.org/define-properties/download/define-properties-1.1.3.tgz",
      "integrity": "sha1-z4jabL7ib+bbcJT2HYcMvYTO6fE=",
      "requires": {
        "object-keys": "^1.0.12"
      }
    },
    "delegates": {
      "version": "1.0.0",
      "resolved": "http://registry.npm.taobao.org/delegates/download/delegates-1.0.0.tgz",
      "integrity": "sha1-hMbhWbgZBP3KWaDvRM2HDTElD5o="
    },
    "detect-libc": {
      "version": "1.0.3",
      "resolved": "http://registry.npm.taobao.org/detect-libc/download/detect-libc-1.0.3.tgz",
      "integrity": "sha1-+hN8S9aY7fVc1c0CrFWfkaTEups="
    },
    "dom-walk": {
      "version": "0.1.1",
      "resolved": "https://registry.npm.taobao.org/dom-walk/download/dom-walk-0.1.1.tgz",
      "integrity": "sha1-ZyIm3HTI95mtNTB9+TaroRrNYBg="
    },
    "end-of-stream": {
      "version": "1.4.1",
      "resolved": "http://registry.npm.taobao.org/end-of-stream/download/end-of-stream-1.4.1.tgz",
      "integrity": "sha1-7SljTRm6ukY7bOa4CjchPqtx7EM=",
      "requires": {
        "once": "^1.4.0"
      }
    },
    "es-abstract": {
      "version": "1.13.0",
      "resolved": "http://registry.npm.taobao.org/es-abstract/download/es-abstract-1.13.0.tgz",
      "integrity": "sha1-rIYUX91QmdjdSVWMy6Lq+biOJOk=",
      "requires": {
        "es-to-primitive": "^1.2.0",
        "function-bind": "^1.1.1",
        "has": "^1.0.3",
        "is-callable": "^1.1.4",
        "is-regex": "^1.0.4",
        "object-keys": "^1.0.12"
      }
    },
    "es-to-primitive": {
      "version": "1.2.0",
      "resolved": "http://registry.npm.taobao.org/es-to-primitive/download/es-to-primitive-1.2.0.tgz",
      "integrity": "sha1-7fckeAM0VujdqO8J4ArZZQcH83c=",
      "requires": {
        "is-callable": "^1.1.4",
        "is-date-object": "^1.0.1",
        "is-symbol": "^1.0.2"
      }
    },
    "exif-parser": {
      "version": "0.1.12",
      "resolved": "https://registry.npm.taobao.org/exif-parser/download/exif-parser-0.1.12.tgz",
      "integrity": "sha1-WKnS1ywCwfbwKg70qRZicrd2CSI="
    },
    "expand-template": {
      "version": "1.1.1",
      "resolved": "https://registry.npm.taobao.org/expand-template/download/expand-template-1.1.1.tgz",
      "integrity": "sha1-mB8YjAw6h9Lij1WbxUFCb/lPId0="
    },
    "file-type": {
      "version": "9.0.0",
      "resolved": "https://registry.npm.taobao.org/file-type/download/file-type-9.0.0.tgz",
      "integrity": "sha1-po1a0H9IZBTfssiGb3MWGUZxShg="
    },
    "for-each": {
      "version": "0.3.3",
      "resolved": "https://registry.npm.taobao.org/for-each/download/for-each-0.3.3.tgz",
      "integrity": "sha1-abRH6IoKXTLD5whPPxcQA0shN24=",
      "requires": {
        "is-callable": "^1.1.3"
      }
    },
    "fs-constants": {
      "version": "1.0.0",
      "resolved": "http://registry.npm.taobao.org/fs-constants/download/fs-constants-1.0.0.tgz",
      "integrity": "sha1-a+Dem+mYzhavivwkSXue6bfM2a0="
    },
    "function-bind": {
      "version": "1.1.1",
      "resolved": "http://registry.npm.taobao.org/function-bind/download/function-bind-1.1.1.tgz",
      "integrity": "sha1-pWiZ0+o8m6uHS7l3O3xe3pL0iV0="
    },
    "gauge": {
      "version": "2.7.4",
      "resolved": "http://registry.npm.taobao.org/gauge/download/gauge-2.7.4.tgz",
      "integrity": "sha1-LANAXHU4w51+s3sxcCLjJfsBi/c=",
      "requires": {
        "aproba": "^1.0.3",
        "console-control-strings": "^1.0.0",
        "has-unicode": "^2.0.0",
        "object-assign": "^4.1.0",
        "signal-exit": "^3.0.0",
        "string-width": "^1.0.1",
        "strip-ansi": "^3.0.1",
        "wide-align": "^1.1.0"
      }
    },
    "github-from-package": {
      "version": "0.0.0",
      "resolved": "https://registry.npm.taobao.org/github-from-package/download/github-from-package-0.0.0.tgz",
      "integrity": "sha1-l/tdlr/eiXMxPyDoKI75oWf6ZM4="
    },
    "global": {
      "version": "4.3.2",
      "resolved": "https://registry.npm.taobao.org/global/download/global-4.3.2.tgz",
      "integrity": "sha1-52mJJopsdMOJCLEwWxD8DjlOnQ8=",
      "requires": {
        "min-document": "^2.19.0",
        "process": "~0.5.1"
      }
    },
    "has": {
      "version": "1.0.3",
      "resolved": "http://registry.npm.taobao.org/has/download/has-1.0.3.tgz",
      "integrity": "sha1-ci18v8H2qoJB8W3YFOAR4fQeh5Y=",
      "requires": {
        "function-bind": "^1.1.1"
      }
    },
    "has-symbols": {
      "version": "1.0.0",
      "resolved": "http://registry.npm.taobao.org/has-symbols/download/has-symbols-1.0.0.tgz",
      "integrity": "sha1-uhqPGvKg/DllD1yFA2dwQSIGO0Q="
    },
    "has-unicode": {
      "version": "2.0.1",
      "resolved": "http://registry.npm.taobao.org/has-unicode/download/has-unicode-2.0.1.tgz",
      "integrity": "sha1-4Ob+aijPUROIVeCG0Wkedx3iqLk="
    },
    "ieee754": {
      "version": "1.1.13",
      "resolved": "http://registry.npm.taobao.org/ieee754/download/ieee754-1.1.13.tgz",
      "integrity": "sha1-7BaFWOlaoYH9h9N/VcMrvLZwi4Q="
    },
    "inherits": {
      "version": "2.0.4",
      "resolved": "https://registry.npm.taobao.org/inherits/download/inherits-2.0.4.tgz?cache=0&sync_timestamp=1560975547815&other_urls=https%3A%2F%2Fregistry.npm.taobao.org%2Finherits%2Fdownload%2Finherits-2.0.4.tgz",
      "integrity": "sha1-D6LGT5MpF8NDOg3tVTY6rjdBa3w="
    },
    "ini": {
      "version": "1.3.5",
      "resolved": "http://registry.npm.taobao.org/ini/download/ini-1.3.5.tgz",
      "integrity": "sha1-7uJfVtscnsYIXgwid4CD9Zar+Sc="
    },
    "is-callable": {
      "version": "1.1.4",
      "resolved": "http://registry.npm.taobao.org/is-callable/download/is-callable-1.1.4.tgz",
      "integrity": "sha1-HhrfIZ4e62hNaR+dagX/DTCiTXU="
    },
    "is-date-object": {
      "version": "1.0.1",
      "resolved": "http://registry.npm.taobao.org/is-date-object/download/is-date-object-1.0.1.tgz",
      "integrity": "sha1-mqIOtq7rv/d/vTPnTKAbM1gdOhY="
    },
    "is-fullwidth-code-point": {
      "version": "1.0.0",
      "resolved": "http://registry.npm.taobao.org/is-fullwidth-code-point/download/is-fullwidth-code-point-1.0.0.tgz",
      "integrity": "sha1-754xOG8DGn8NZDr4L95QxFfvAMs=",
      "requires": {
        "number-is-nan": "^1.0.0"
      }
    },
    "is-function": {
      "version": "1.0.1",
      "resolved": "https://registry.npm.taobao.org/is-function/download/is-function-1.0.1.tgz",
      "integrity": "sha1-Es+5i2W1fdPRk6MSH19uL0N2ArU="
    },
    "is-regex": {
      "version": "1.0.4",
      "resolved": "http://registry.npm.taobao.org/is-regex/download/is-regex-1.0.4.tgz",
      "integrity": "sha1-VRdIm1RwkbCTDglWVM7SXul+lJE=",
      "requires": {
        "has": "^1.0.1"
      }
    },
    "is-symbol": {
      "version": "1.0.2",
      "resolved": "http://registry.npm.taobao.org/is-symbol/download/is-symbol-1.0.2.tgz",
      "integrity": "sha1-oFX2rlcZLK7jKeeoYBGLSXqVDzg=",
      "requires": {
        "has-symbols": "^1.0.0"
      }
    },
    "isarray": {
      "version": "1.0.0",
      "resolved": "http://registry.npm.taobao.org/isarray/download/isarray-1.0.0.tgz",
      "integrity": "sha1-u5NdSFgsuhaMBoNJV6VKPgcSTxE="
    },
    "jimp": {
      "version": "0.6.4",
      "resolved": "https://registry.npm.taobao.org/jimp/download/jimp-0.6.4.tgz",
      "integrity": "sha1-JmxXd3UqbttCJ3ku8ogZih6ZEC8=",
      "requires": {
        "@babel/polyfill": "^7.0.0",
        "@jimp/custom": "^0.6.4",
        "@jimp/plugins": "^0.6.4",
        "@jimp/types": "^0.6.4",
        "core-js": "^2.5.7"
      }
    },
    "jpeg-js": {
      "version": "0.3.5",
      "resolved": "https://registry.npm.taobao.org/jpeg-js/download/jpeg-js-0.3.5.tgz",
      "integrity": "sha1-b71s0OSWJ8WgNBeWyeUMcKKqNnM="
    },
    "load-bmfont": {
      "version": "1.4.0",
      "resolved": "https://registry.npm.taobao.org/load-bmfont/download/load-bmfont-1.4.0.tgz",
      "integrity": "sha1-dfFwcLFKjHhf5/W+4ub9T5gJO2s=",
      "requires": {
        "buffer-equal": "0.0.1",
        "mime": "^1.3.4",
        "parse-bmfont-ascii": "^1.0.3",
        "parse-bmfont-binary": "^1.0.5",
        "parse-bmfont-xml": "^1.1.4",
        "phin": "^2.9.1",
        "xhr": "^2.0.1",
        "xtend": "^4.0.0"
      }
    },
    "mime": {
      "version": "1.6.0",
      "resolved": "https://registry.npm.taobao.org/mime/download/mime-1.6.0.tgz?cache=0&sync_timestamp=1560034758817&other_urls=https%3A%2F%2Fregistry.npm.taobao.org%2Fmime%2Fdownload%2Fmime-1.6.0.tgz",
      "integrity": "sha1-Ms2eXGRVO9WNGaVor0Uqz/BJgbE="
    },
    "mimic-response": {
      "version": "1.0.1",
      "resolved": "http://registry.npm.taobao.org/mimic-response/download/mimic-response-1.0.1.tgz",
      "integrity": "sha1-SSNTiHju9CBjy4o+OweYeBSHqxs="
    },
    "min-document": {
      "version": "2.19.0",
      "resolved": "https://registry.npm.taobao.org/min-document/download/min-document-2.19.0.tgz",
      "integrity": "sha1-e9KC4/WELtKVu3SM3Z8f+iyCRoU=",
      "requires": {
        "dom-walk": "^0.1.0"
      }
    },
    "minimist": {
      "version": "1.2.0",
      "resolved": "http://registry.npm.taobao.org/minimist/download/minimist-1.2.0.tgz",
      "integrity": "sha1-o1AIsg9BOD7sH7kU9M1d95omQoQ="
    },
    "mkdirp": {
      "version": "0.5.1",
      "resolved": "http://registry.npm.taobao.org/mkdirp/download/mkdirp-0.5.1.tgz",
      "integrity": "sha1-MAV0OOrGz3+MR2fzhkjWaX11yQM=",
      "requires": {
        "minimist": "0.0.8"
      },
      "dependencies": {
        "minimist": {
          "version": "0.0.8",
          "resolved": "http://registry.npm.taobao.org/minimist/download/minimist-0.0.8.tgz",
          "integrity": "sha1-hX/Kv8M5fSYluCKCYuhqp6ARsF0="
        }
      }
    },
    "nan": {
      "version": "2.14.0",
      "resolved": "https://registry.npm.taobao.org/nan/download/nan-2.14.0.tgz",
      "integrity": "sha1-eBj3IgJ7JFmobwKV1DTR/CM2xSw="
    },
    "native-node-utils": {
      "version": "0.2.7",
      "resolved": "https://registry.npm.taobao.org/native-node-utils/download/native-node-utils-0.2.7.tgz",
      "integrity": "sha1-2/f8pM/uV5WF1eBNRWR0m9VlNKM=",
      "requires": {
        "nan": "^2.13.2"
      }
    },
    "node-abi": {
      "version": "2.9.0",
      "resolved": "https://registry.npm.taobao.org/node-abi/download/node-abi-2.9.0.tgz",
      "integrity": "sha1-rkB1spjastkt0eIsSMzH/9fwYgA=",
      "requires": {
        "semver": "^5.4.1"
      }
    },
    "noop-logger": {
      "version": "0.1.1",
      "resolved": "https://registry.npm.taobao.org/noop-logger/download/noop-logger-0.1.1.tgz",
      "integrity": "sha1-lKKxYzxPExdVMAfYlm/Q6EG2pMI="
    },
    "npmlog": {
      "version": "4.1.2",
      "resolved": "http://registry.npm.taobao.org/npmlog/download/npmlog-4.1.2.tgz",
      "integrity": "sha1-CKfyqL9zRgR3mp76StXMcXq7lUs=",
      "requires": {
        "are-we-there-yet": "~1.1.2",
        "console-control-strings": "~1.1.0",
        "gauge": "~2.7.3",
        "set-blocking": "~2.0.0"
      }
    },
    "number-is-nan": {
      "version": "1.0.1",
      "resolved": "http://registry.npm.taobao.org/number-is-nan/download/number-is-nan-1.0.1.tgz",
      "integrity": "sha1-CXtgK1NCKlIsGvuHkDGDNpQaAR0="
    },
    "object-assign": {
      "version": "4.1.1",
      "resolved": "http://registry.npm.taobao.org/object-assign/download/object-assign-4.1.1.tgz",
      "integrity": "sha1-IQmtx5ZYh8/AXLvUQsrIv7s2CGM="
    },
    "object-keys": {
      "version": "1.1.1",
      "resolved": "https://registry.npm.taobao.org/object-keys/download/object-keys-1.1.1.tgz",
      "integrity": "sha1-HEfyct8nfzsdrwYWd9nILiMixg4="
    },
    "omggif": {
      "version": "1.0.9",
      "resolved": "https://registry.npm.taobao.org/omggif/download/omggif-1.0.9.tgz",
      "integrity": "sha1-3LcCTazVDFK00wPwSALJHAV8dl8="
    },
    "once": {
      "version": "1.4.0",
      "resolved": "http://registry.npm.taobao.org/once/download/once-1.4.0.tgz",
      "integrity": "sha1-WDsap3WWHUsROsF9nFC6753Xa9E=",
      "requires": {
        "wrappy": "1"
      }
    },
    "opencv-build": {
      "version": "0.1.4",
      "resolved": "https://registry.npm.taobao.org/opencv-build/download/opencv-build-0.1.4.tgz",
      "integrity": "sha1-5fS6tVyV0IJLVbBI9LYIdCvKxiY=",
      "requires": {
        "@types/node": "^11.10.5",
        "npmlog": "^4.1.2"
      },
      "dependencies": {
        "@types/node": {
          "version": "11.13.15",
          "resolved": "https://registry.npm.taobao.org/@types/node/download/@types/node-11.13.15.tgz",
          "integrity": "sha1-aZr7B6ka3O0tYYOgrRVr+CVC/H0="
        }
      }
    },
    "opencv4nodejs": {
      "version": "5.0.0",
      "resolved": "https://registry.npm.taobao.org/opencv4nodejs/download/opencv4nodejs-5.0.0.tgz",
      "integrity": "sha1-SZ4lE/5CXJIdC01Q9nT0flDlxsc=",
      "requires": {
        "@types/node": ">6",
        "nan": "^2.14.0",
        "native-node-utils": "^0.2.7",
        "opencv-build": "^0.1.4"
      }
    },
    "os-homedir": {
      "version": "1.0.2",
      "resolved": "http://registry.npm.taobao.org/os-homedir/download/os-homedir-1.0.2.tgz",
      "integrity": "sha1-/7xJiDNuDoM94MFox+8VISGqf7M="
    },
    "pako": {
      "version": "1.0.10",
      "resolved": "http://registry.npm.taobao.org/pako/download/pako-1.0.10.tgz",
      "integrity": "sha1-Qyi621CGpCaqkPVBl31JVdpclzI="
    },
    "parse-bmfont-ascii": {
      "version": "1.0.6",
      "resolved": "https://registry.npm.taobao.org/parse-bmfont-ascii/download/parse-bmfont-ascii-1.0.6.tgz",
      "integrity": "sha1-Eaw8P/WPfCAgqyJ2kHkQjU36AoU="
    },
    "parse-bmfont-binary": {
      "version": "1.0.6",
      "resolved": "https://registry.npm.taobao.org/parse-bmfont-binary/download/parse-bmfont-binary-1.0.6.tgz",
      "integrity": "sha1-0Di0dtPp3Z2x4RoLDlOiJ5K2kAY="
    },
    "parse-bmfont-xml": {
      "version": "1.1.4",
      "resolved": "https://registry.npm.taobao.org/parse-bmfont-xml/download/parse-bmfont-xml-1.1.4.tgz",
      "integrity": "sha1-AVMZeX4+EvnnOcTVE4cs0vo184k=",
      "requires": {
        "xml-parse-from-string": "^1.0.0",
        "xml2js": "^0.4.5"
      }
    },
    "parse-headers": {
      "version": "2.0.2",
      "resolved": "https://registry.npm.taobao.org/parse-headers/download/parse-headers-2.0.2.tgz",
      "integrity": "sha1-lUXopMGuXq6n0kmSvKiQKB7SbjQ=",
      "requires": {
        "for-each": "^0.3.3",
        "string.prototype.trim": "^1.1.2"
      }
    },
    "path": {
      "version": "0.12.7",
      "resolved": "https://registry.npm.taobao.org/path/download/path-0.12.7.tgz",
      "integrity": "sha1-1NwqUGxM4hl+tIHr/NWzbAFAsQ8=",
      "requires": {
        "process": "^0.11.1",
        "util": "^0.10.3"
      },
      "dependencies": {
        "process": {
          "version": "0.11.10",
          "resolved": "http://registry.npm.taobao.org/process/download/process-0.11.10.tgz",
          "integrity": "sha1-czIwDoQBYb2j5podHZGn1LwW8YI="
        }
      }
    },
    "phin": {
      "version": "2.9.3",
      "resolved": "https://registry.npm.taobao.org/phin/download/phin-2.9.3.tgz",
      "integrity": "sha1-+basEKA1Y2+2XfxXaqqhe4dDElw="
    },
    "pixelmatch": {
      "version": "4.0.2",
      "resolved": "https://registry.npm.taobao.org/pixelmatch/download/pixelmatch-4.0.2.tgz",
      "integrity": "sha1-j0fc7FARtHe2fbA8JDvB8wheiFQ=",
      "requires": {
        "pngjs": "^3.0.0"
      }
    },
    "pngjs": {
      "version": "3.4.0",
      "resolved": "https://registry.npm.taobao.org/pngjs/download/pngjs-3.4.0.tgz",
      "integrity": "sha1-mcp9clll+2VYFOr2XzjxK72/VV8="
    },
    "prebuild-install": {
      "version": "2.5.3",
      "resolved": "https://registry.npm.taobao.org/prebuild-install/download/prebuild-install-2.5.3.tgz",
      "integrity": "sha1-n2XyQngtNwKWNTcQ6byENJDBn2k=",
      "requires": {
        "detect-libc": "^1.0.3",
        "expand-template": "^1.0.2",
        "github-from-package": "0.0.0",
        "minimist": "^1.2.0",
        "mkdirp": "^0.5.1",
        "node-abi": "^2.2.0",
        "noop-logger": "^0.1.1",
        "npmlog": "^4.0.1",
        "os-homedir": "^1.0.1",
        "pump": "^2.0.1",
        "rc": "^1.1.6",
        "simple-get": "^2.7.0",
        "tar-fs": "^1.13.0",
        "tunnel-agent": "^0.6.0",
        "which-pm-runs": "^1.0.0"
      }
    },
    "process": {
      "version": "0.5.2",
      "resolved": "http://registry.npm.taobao.org/process/download/process-0.5.2.tgz",
      "integrity": "sha1-FjjYqONML0QKkduVq5rrZ3/Bhc8="
    },
    "process-nextick-args": {
      "version": "2.0.1",
      "resolved": "https://registry.npm.taobao.org/process-nextick-args/download/process-nextick-args-2.0.1.tgz?cache=0&other_urls=https%3A%2F%2Fregistry.npm.taobao.org%2Fprocess-nextick-args%2Fdownload%2Fprocess-nextick-args-2.0.1.tgz",
      "integrity": "sha1-eCDZsWEgzFXKmud5JoCufbptf+I="
    },
    "pump": {
      "version": "2.0.1",
      "resolved": "http://registry.npm.taobao.org/pump/download/pump-2.0.1.tgz",
      "integrity": "sha1-Ejma3W5M91Jtlzy8i1zi4pCLOQk=",
      "requires": {
        "end-of-stream": "^1.1.0",
        "once": "^1.3.1"
      }
    },
    "rc": {
      "version": "1.2.8",
      "resolved": "http://registry.npm.taobao.org/rc/download/rc-1.2.8.tgz",
      "integrity": "sha1-zZJL9SAKB1uDwYjNa54hG3/A0+0=",
      "requires": {
        "deep-extend": "^0.6.0",
        "ini": "~1.3.0",
        "minimist": "^1.2.0",
        "strip-json-comments": "~2.0.1"
      }
    },
    "readable-stream": {
      "version": "2.3.6",
      "resolved": "https://registry.npm.taobao.org/readable-stream/download/readable-stream-2.3.6.tgz?cache=0&other_urls=https%3A%2F%2Fregistry.npm.taobao.org%2Freadable-stream%2Fdownload%2Freadable-stream-2.3.6.tgz",
      "integrity": "sha1-sRwn2IuP8fvgcGQ8+UsMea4bCq8=",
      "requires": {
        "core-util-is": "~1.0.0",
        "inherits": "~2.0.3",
        "isarray": "~1.0.0",
        "process-nextick-args": "~2.0.0",
        "safe-buffer": "~5.1.1",
        "string_decoder": "~1.1.1",
        "util-deprecate": "~1.0.1"
      }
    },
    "regenerator-runtime": {
      "version": "0.13.2",
      "resolved": "http://registry.npm.taobao.org/regenerator-runtime/download/regenerator-runtime-0.13.2.tgz",
      "integrity": "sha1-MuWcmm+5saSv8JtJMMotRHc0NEc="
    },
    "robotjs": {
      "version": "0.5.1",
      "resolved": "https://registry.npm.taobao.org/robotjs/download/robotjs-0.5.1.tgz",
      "integrity": "sha1-da2i/qbssdOorGp/gbrqLIb421c=",
      "requires": {
        "nan": "^2.2.1",
        "prebuild-install": "^2.1.1"
      }
    },
    "safe-buffer": {
      "version": "5.1.2",
      "resolved": "http://registry.npm.taobao.org/safe-buffer/download/safe-buffer-5.1.2.tgz",
      "integrity": "sha1-mR7GnSluAxN0fVm9/St0XDX4go0="
    },
    "sax": {
      "version": "1.2.4",
      "resolved": "http://registry.npm.taobao.org/sax/download/sax-1.2.4.tgz",
      "integrity": "sha1-KBYjTiN4vdxOU1T6tcqold9xANk="
    },
    "semver": {
      "version": "5.7.0",
      "resolved": "https://registry.npm.taobao.org/semver/download/semver-5.7.0.tgz?cache=0&sync_timestamp=1559063729249&other_urls=https%3A%2F%2Fregistry.npm.taobao.org%2Fsemver%2Fdownload%2Fsemver-5.7.0.tgz",
      "integrity": "sha1-eQp89v6lRZuslhELKbYEEtyP+Ws="
    },
    "set-blocking": {
      "version": "2.0.0",
      "resolved": "http://registry.npm.taobao.org/set-blocking/download/set-blocking-2.0.0.tgz",
      "integrity": "sha1-BF+XgtARrppoA93TgrJDkrPYkPc="
    },
    "signal-exit": {
      "version": "3.0.2",
      "resolved": "http://registry.npm.taobao.org/signal-exit/download/signal-exit-3.0.2.tgz",
      "integrity": "sha1-tf3AjxKH6hF4Yo5BXiUTK3NkbG0="
    },
    "simple-concat": {
      "version": "1.0.0",
      "resolved": "https://registry.npm.taobao.org/simple-concat/download/simple-concat-1.0.0.tgz",
      "integrity": "sha1-c0TLuLbib7J9ZrL8hvn21Zl1IcY="
    },
    "simple-get": {
      "version": "2.8.1",
      "resolved": "https://registry.npm.taobao.org/simple-get/download/simple-get-2.8.1.tgz",
      "integrity": "sha1-DiLpHUV12HYgYgvJEwjVenf0S10=",
      "requires": {
        "decompress-response": "^3.3.0",
        "once": "^1.3.1",
        "simple-concat": "^1.0.0"
      }
    },
    "string-width": {
      "version": "1.0.2",
      "resolved": "http://registry.npm.taobao.org/string-width/download/string-width-1.0.2.tgz",
      "integrity": "sha1-EYvfW4zcUaKn5w0hHgfisLmxB9M=",
      "requires": {
        "code-point-at": "^1.0.0",
        "is-fullwidth-code-point": "^1.0.0",
        "strip-ansi": "^3.0.0"
      }
    },
    "string.prototype.trim": {
      "version": "1.1.2",
      "resolved": "https://registry.npm.taobao.org/string.prototype.trim/download/string.prototype.trim-1.1.2.tgz",
      "integrity": "sha1-0E3iyJ4Tf019IG8Ia17S+ua+jOo=",
      "requires": {
        "define-properties": "^1.1.2",
        "es-abstract": "^1.5.0",
        "function-bind": "^1.0.2"
      }
    },
    "string_decoder": {
      "version": "1.1.1",
      "resolved": "http://registry.npm.taobao.org/string_decoder/download/string_decoder-1.1.1.tgz",
      "integrity": "sha1-nPFhG6YmhdcDCunkujQUnDrwP8g=",
      "requires": {
        "safe-buffer": "~5.1.0"
      }
    },
    "strip-ansi": {
      "version": "3.0.1",
      "resolved": "http://registry.npm.taobao.org/strip-ansi/download/strip-ansi-3.0.1.tgz",
      "integrity": "sha1-ajhfuIU9lS1f8F0Oiq+UJ43GPc8=",
      "requires": {
        "ansi-regex": "^2.0.0"
      }
    },
    "strip-json-comments": {
      "version": "2.0.1",
      "resolved": "https://registry.npm.taobao.org/strip-json-comments/download/strip-json-comments-2.0.1.tgz",
      "integrity": "sha1-PFMZQukIwml8DsNEhYwobHygpgo="
    },
    "tar-fs": {
      "version": "1.16.3",
      "resolved": "https://registry.npm.taobao.org/tar-fs/download/tar-fs-1.16.3.tgz",
      "integrity": "sha1-lmpiiEHaLEAQQGqCFny9Xgxy1Qk=",
      "requires": {
        "chownr": "^1.0.1",
        "mkdirp": "^0.5.1",
        "pump": "^1.0.0",
        "tar-stream": "^1.1.2"
      },
      "dependencies": {
        "pump": {
          "version": "1.0.3",
          "resolved": "http://registry.npm.taobao.org/pump/download/pump-1.0.3.tgz",
          "integrity": "sha1-Xf6DEcM7v2/BgmH580cCxHwIqVQ=",
          "requires": {
            "end-of-stream": "^1.1.0",
            "once": "^1.3.1"
          }
        }
      }
    },
    "tar-stream": {
      "version": "1.6.2",
      "resolved": "https://registry.npm.taobao.org/tar-stream/download/tar-stream-1.6.2.tgz",
      "integrity": "sha1-jqVdqzeXIlPZqa+Q/c1VmuQ1xVU=",
      "requires": {
        "bl": "^1.0.0",
        "buffer-alloc": "^1.2.0",
        "end-of-stream": "^1.0.0",
        "fs-constants": "^1.0.0",
        "readable-stream": "^2.3.0",
        "to-buffer": "^1.1.1",
        "xtend": "^4.0.0"
      }
    },
    "timm": {
      "version": "1.6.1",
      "resolved": "https://registry.npm.taobao.org/timm/download/timm-1.6.1.tgz",
      "integrity": "sha1-X4qvyTIkjHbK8savYFQqMtPDBwE="
    },
    "tinycolor2": {
      "version": "1.4.1",
      "resolved": "https://registry.npm.taobao.org/tinycolor2/download/tinycolor2-1.4.1.tgz",
      "integrity": "sha1-9PrTM0R7wLB9TcjpIJ2POaisd+g="
    },
    "to-buffer": {
      "version": "1.1.1",
      "resolved": "http://registry.npm.taobao.org/to-buffer/download/to-buffer-1.1.1.tgz",
      "integrity": "sha1-STvUj2LXxD/N7TE6A9ytsuEhOoA="
    },
    "tunnel-agent": {
      "version": "0.6.0",
      "resolved": "http://registry.npm.taobao.org/tunnel-agent/download/tunnel-agent-0.6.0.tgz",
      "integrity": "sha1-J6XeoGs2sEoKmWZ3SykIaPD8QP0=",
      "requires": {
        "safe-buffer": "^5.0.1"
      }
    },
    "utif": {
      "version": "2.0.1",
      "resolved": "https://registry.npm.taobao.org/utif/download/utif-2.0.1.tgz",
      "integrity": "sha1-nhWC2bvSABGmWIVI7TJmKY5xF1k=",
      "requires": {
        "pako": "^1.0.5"
      }
    },
    "util": {
      "version": "0.10.4",
      "resolved": "https://registry.npm.taobao.org/util/download/util-0.10.4.tgz",
      "integrity": "sha1-OqASW/5mikZy3liFfTrOJ+y3aQE=",
      "requires": {
        "inherits": "2.0.3"
      },
      "dependencies": {
        "inherits": {
          "version": "2.0.3",
          "resolved": "https://registry.npm.taobao.org/inherits/download/inherits-2.0.3.tgz?cache=0&sync_timestamp=1560975547815&other_urls=https%3A%2F%2Fregistry.npm.taobao.org%2Finherits%2Fdownload%2Finherits-2.0.3.tgz",
          "integrity": "sha1-Yzwsg+PaQqUC9SRmAiSA9CCCYd4="
        }
      }
    },
    "util-deprecate": {
      "version": "1.0.2",
      "resolved": "http://registry.npm.taobao.org/util-deprecate/download/util-deprecate-1.0.2.tgz",
      "integrity": "sha1-RQ1Nyfpw3nMnYvvS1KKJgUGaDM8="
    },
    "which-pm-runs": {
      "version": "1.0.0",
      "resolved": "https://registry.npm.taobao.org/which-pm-runs/download/which-pm-runs-1.0.0.tgz",
      "integrity": "sha1-Zws6+8VS4LVd9rd4DKdGFfI60cs="
    },
    "wide-align": {
      "version": "1.1.3",
      "resolved": "http://registry.npm.taobao.org/wide-align/download/wide-align-1.1.3.tgz",
      "integrity": "sha1-rgdOa9wMFKQx6ATmJFScYzsABFc=",
      "requires": {
        "string-width": "^1.0.2 || 2"
      }
    },
    "wrappy": {
      "version": "1.0.2",
      "resolved": "http://registry.npm.taobao.org/wrappy/download/wrappy-1.0.2.tgz",
      "integrity": "sha1-tSQ9jz7BqjXxNkYFvA0QNuMKtp8="
    },
    "xhr": {
      "version": "2.5.0",
      "resolved": "https://registry.npm.taobao.org/xhr/download/xhr-2.5.0.tgz",
      "integrity": "sha1-vtjRZ21co2EIZnaSt0sxbEluSd0=",
      "requires": {
        "global": "~4.3.0",
        "is-function": "^1.0.1",
        "parse-headers": "^2.0.0",
        "xtend": "^4.0.0"
      }
    },
    "xml-parse-from-string": {
      "version": "1.0.1",
      "resolved": "https://registry.npm.taobao.org/xml-parse-from-string/download/xml-parse-from-string-1.0.1.tgz",
      "integrity": "sha1-qQKekp09vN7RafPG4oI42VpdWig="
    },
    "xml2js": {
      "version": "0.4.19",
      "resolved": "https://registry.npm.taobao.org/xml2js/download/xml2js-0.4.19.tgz",
      "integrity": "sha1-aGwg8hMgnpSr8NG88e+qKRx4J6c=",
      "requires": {
        "sax": ">=0.6.0",
        "xmlbuilder": "~9.0.1"
      }
    },
    "xmlbuilder": {
      "version": "9.0.7",
      "resolved": "https://registry.npm.taobao.org/xmlbuilder/download/xmlbuilder-9.0.7.tgz",
      "integrity": "sha1-Ey7mPS7FVlxVfiD0wi35rKaGsQ0="
    },
    "xtend": {
      "version": "4.0.1",
      "resolved": "http://registry.npm.taobao.org/xtend/download/xtend-4.0.1.tgz",
      "integrity": "sha1-pcbVMr5lbiPbgg77lDofBJmNY68="
    }
  }
}
